
Microsoft Visual Studio Solution File, Format Version 12.00
# Visual Studio 2013
VisualStudioVersion = 12.0.31101.0
MinimumVisualStudioVersion = 10.0.40219.1
Project("{FAE04EC0-301F-11D3-BF4B-00C04F79EFBC}") = "CAF", "CAF\CAF.csproj", "{690F29B2-D2A9-4E0B-A7E1-454C93BD5296}"
EndProject
Project("{FAE04EC0-301F-11D3-BF4B-00C04F79EFBC}") = "CAF.Model", "CAF.Model\CAF.Model.csproj", "{08BB19E7-C84F-4FF1-B3E9-DD7018EDD6C7}"
EndProject
Project("{FAE04EC0-301F-11D3-BF4B-00C04F79EFBC}") = "CAF.Web", "CAF.Web\CAF.Web.csproj", "{04320AFC-C9EA-4E4F-9D29-BC43219AB3FB}"
EndProject
Project("{FAE04EC0-301F-11D3-BF4B-00C04F79EFBC}") = "CAF.Test", "CAF.Test\CAF.Test.csproj", "{D41E520F-E75E-47B7-B4AB-98C771591D2B}"
EndProject
Project("{FAE04EC0-301F-11D3-BF4B-00C04F79EFBC}") = "CAF.Web.WebForm", "CAF.Web.WebForm\CAF.Web.WebForm.csproj", "{ED5CE7E2-3513-46B0-8B90-0DFCD043309E}"
EndProject
Global
	GlobalSection(SolutionConfigurationPlatforms) = preSolution
		Debug|Any CPU = Debug|Any CPU
		Release|Any CPU = Release|Any CPU
	EndGlobalSection
	GlobalSection(ProjectConfigurationPlatforms) = postSolution
		{690F29B2-D2A9-4E0B-A7E1-454C93BD5296}.Debug|Any CPU.ActiveCfg = Debug|Any CPU
		{690F29B2-D2A9-4E0B-A7E1-454C93BD5296}.Debug|Any CPU.Build.0 = Debug|Any CPU
		{690F29B2-D2A9-4E0B-A7E1-454C93BD5296}.Release|Any CPU.ActiveCfg = Release|Any CPU
		{690F29B2-D2A9-4E0B-A7E1-454C93BD5296}.Release|Any CPU.Build.0 = Release|Any CPU
		{08BB19E7-C84F-4FF1-B3E9-DD7018EDD6C7}.Debug|Any CPU.ActiveCfg = Debug|Any CPU
		{08BB19E7-C84F-4FF1-B3E9-DD7018EDD6C7}.Debug|Any CPU.Build.0 = Debug|Any CPU
		{08BB19E7-C84F-4FF1-B3E9-DD7018EDD6C7}.Release|Any CPU.ActiveCfg = Release|Any CPU
		{08BB19E7-C84F-4FF1-B3E9-DD7018EDD6C7}.Release|Any CPU.Build.0 = Release|Any CPU
		{04320AFC-C9EA-4E4F-9D29-BC43219AB3FB}.Debug|Any CPU.ActiveCfg = Debug|Any CPU
		{04320AFC-C9EA-4E4F-9D29-BC43219AB3FB}.Debug|Any CPU.Build.0 = Debug|Any CPU
		{04320AFC-C9EA-4E4F-9D29-BC43219AB3FB}.Release|Any CPU.ActiveCfg = Release|Any CPU
		{04320AFC-C9EA-4E4F-9D29-BC43219AB3FB}.Release|Any CPU.Build.0 = Release|Any CPU
		{D41E520F-E75E-47B7-B4AB-98C771591D2B}.Debug|Any CPU.ActiveCfg = Debug|Any CPU
		{D41E520F-E75E-47B7-B4AB-98C771591D2B}.Debug|Any CPU.Build.0 = Debug|Any CPU
		{D41E520F-E75E-47B7-B4AB-98C771591D2B}.Release|Any CPU.ActiveCfg = Release|Any CPU
		{D41E520F-E75E-47B7-B4AB-98C771591D2B}.Release|Any CPU.Build.0 = Release|Any CPU
		{ED5CE7E2-3513-46B0-8B90-0DFCD043309E}.Debug|Any CPU.ActiveCfg = Debug|Any CPU
		{ED5CE7E2-3513-46B0-8B90-0DFCD043309E}.Debug|Any CPU.Build.0 = Debug|Any CPU
		{ED5CE7E2-3513-46B0-8B90-0DFCD043309E}.Release|Any CPU.ActiveCfg = Release|Any CPU
		{ED5CE7E2-3513-46B0-8B90-0DFCD043309E}.Release|Any CPU.Build.0 = Release|Any CPU
	EndGlobalSection
	GlobalSection(SolutionProperties) = preSolution
		HideSolutionNode = FALSE
	EndGlobalSection
	GlobalSection(ExtensibilityGlobals) = postSolution
		EnterpriseLibraryConfigurationToolBinariesPathV6 = packages\EnterpriseLibrary.Validation.6.0.1304.0\lib\NET45;packages\EnterpriseLibrary.Logging.6.0.1304.0\lib\NET45;packages\EnterpriseLibrary.Data.6.0.1304.0\lib\NET45;packages\EnterpriseLibrary.Logging.Database.6.0.1304.0\lib\NET45;packages\EnterpriseLibrary.ExceptionHandling.6.0.1304.0\lib\NET45;packages\EnterpriseLibrary.ExceptionHandling.Logging.6.0.1304.0\lib\NET45;packages\EnterpriseLibrary.Common.6.0.1304.0\lib\NET45
		EnterpriseLibraryConfigurationToolBinariesPath = packages\EnterpriseLibrary.Caching.5.0.505.0\lib\NET35;packages\EnterpriseLibrary.Data.5.0.505.0\lib\NET35;packages\EnterpriseLibrary.Caching.Database.5.0.505.0\lib\NET35
	EndGlobalSection
EndGlobal
